
Microsoft Visual Studio Solution File, Format Version 12.00
# Visual Studio Version 17
VisualStudioVersion = 17.6.33815.320
MinimumVisualStudioVersion = 10.0.40219.1
Project("{FAE04EC0-301F-11D3-BF4B-00C04F79EFBC}") = "TheHealMauiApp", "TheHealMauiApp\TheHealMauiApp.csproj", "{213BBE8D-06FE-41BE-A17F-85A174E75E7D}"
EndProject
Global
	GlobalSection(SolutionConfigurationPlatforms) = preSolution
		Debug|Any CPU = Debug|Any CPU
		Release|Any CPU = Release|Any CPU
	EndGlobalSection
	GlobalSection(ProjectConfigurationPlatforms) = postSolution
		{213BBE8D-06FE-41BE-A17F-85A174E75E7D}.Debug|Any CPU.ActiveCfg = Debug|Any CPU
		{213BBE8D-06FE-41BE-A17F-85A174E75E7D}.Debug|Any CPU.Build.0 = Debug|Any CPU
		{213BBE8D-06FE-41BE-A17F-85A174E75E7D}.Debug|Any CPU.Deploy.0 = Debug|Any CPU
		{213BBE8D-06FE-41BE-A17F-85A174E75E7D}.Release|Any CPU.ActiveCfg = Release|Any CPU
		{213BBE8D-06FE-41BE-A17F-85A174E75E7D}.Release|Any CPU.Build.0 = Release|Any CPU
		{213BBE8D-06FE-41BE-A17F-85A174E75E7D}.Release|Any CPU.Deploy.0 = Release|Any CPU
	EndGlobalSection
	GlobalSection(SolutionProperties) = preSolution
		HideSolutionNode = FALSE
	EndGlobalSection
	GlobalSection(ExtensibilityGlobals) = postSolution
		SolutionGuid = {86088693-E7A8-472A-95B9-F974408ED3CA}
	EndGlobalSection
EndGlobal
